
Microsoft Visual Studio Solution File, Format Version 12.00
# Visual Studio 15
VisualStudioVersion = 15.0.28307.168
MinimumVisualStudioVersion = 10.0.40219.1
Project("{FAE04EC0-301F-11D3-BF4B-00C04F79EFBC}") = "BenchmarkRunner", "Benchmarks\Benchmarks.csproj", "{06CA1BDC-14AD-4E9F-B592-97C91D826CB6}"
EndProject
Global
	GlobalSection(SolutionConfigurationPlatforms) = preSolution
		Debug|Any CPU = Debug|Any CPU
		Release|Any CPU = Release|Any CPU
	EndGlobalSection
	GlobalSection(ProjectConfigurationPlatforms) = postSolution
		{06CA1BDC-14AD-4E9F-B592-97C91D826CB6}.Debug|Any CPU.ActiveCfg = Debug|Any CPU
		{06CA1BDC-14AD-4E9F-B592-97C91D826CB6}.Debug|Any CPU.Build.0 = Debug|Any CPU
		{06CA1BDC-14AD-4E9F-B592-97C91D826CB6}.Release|Any CPU.ActiveCfg = Release|Any CPU
		{06CA1BDC-14AD-4E9F-B592-97C91D826CB6}.Release|Any CPU.Build.0 = Release|Any CPU
	EndGlobalSection
	GlobalSection(SolutionProperties) = preSolution
		HideSolutionNode = FALSE
	EndGlobalSection
	GlobalSection(ExtensibilityGlobals) = postSolution
		SolutionGuid = {3DFF833C-345A-4B30-8F33-EFFA2D718580}
	EndGlobalSection
EndGlobal
